
Microsoft Visual Studio Solution File, Format Version 12.00
# Visual Studio Version 17
VisualStudioVersion = 17.7.34031.279
MinimumVisualStudioVersion = 10.0.40219.1
Project("{FAE04EC0-301F-11D3-BF4B-00C04F79EFBC}") = "BD.ASA.Tests", "BD.ASA.Tests\BD.ASA.Tests.csproj", "{2253D603-4C9D-4C6E-9001-DB202CA94ABF}"
EndProject
Project("{FAE04EC0-301F-11D3-BF4B-00C04F79EFBC}") = "BD.ASA.Infrastructure", "BD.ASA.Infrastructure\BD.ASA.Infrastructure.csproj", "{55346CC9-D715-4181-A8D8-B13C07489C0E}"
EndProject
Project("{FAE04EC0-301F-11D3-BF4B-00C04F79EFBC}") = "BD.ASA.Pages", "BD.ASA.Pages\BD.ASA.Pages.csproj", "{0E3DD805-4D9C-4E84-B340-14A264A3706D}"
EndProject
Global
	GlobalSection(SolutionConfigurationPlatforms) = preSolution
		Debug|Any CPU = Debug|Any CPU
		Release|Any CPU = Release|Any CPU
	EndGlobalSection
	GlobalSection(ProjectConfigurationPlatforms) = postSolution
		{2253D603-4C9D-4C6E-9001-DB202CA94ABF}.Debug|Any CPU.ActiveCfg = Debug|Any CPU
		{2253D603-4C9D-4C6E-9001-DB202CA94ABF}.Debug|Any CPU.Build.0 = Debug|Any CPU
		{2253D603-4C9D-4C6E-9001-DB202CA94ABF}.Release|Any CPU.ActiveCfg = Release|Any CPU
		{2253D603-4C9D-4C6E-9001-DB202CA94ABF}.Release|Any CPU.Build.0 = Release|Any CPU
		{55346CC9-D715-4181-A8D8-B13C07489C0E}.Debug|Any CPU.ActiveCfg = Debug|Any CPU
		{55346CC9-D715-4181-A8D8-B13C07489C0E}.Debug|Any CPU.Build.0 = Debug|Any CPU
		{55346CC9-D715-4181-A8D8-B13C07489C0E}.Release|Any CPU.ActiveCfg = Release|Any CPU
		{55346CC9-D715-4181-A8D8-B13C07489C0E}.Release|Any CPU.Build.0 = Release|Any CPU
		{0E3DD805-4D9C-4E84-B340-14A264A3706D}.Debug|Any CPU.ActiveCfg = Debug|Any CPU
		{0E3DD805-4D9C-4E84-B340-14A264A3706D}.Debug|Any CPU.Build.0 = Debug|Any CPU
		{0E3DD805-4D9C-4E84-B340-14A264A3706D}.Release|Any CPU.ActiveCfg = Release|Any CPU
		{0E3DD805-4D9C-4E84-B340-14A264A3706D}.Release|Any CPU.Build.0 = Release|Any CPU
	EndGlobalSection
	GlobalSection(SolutionProperties) = preSolution
		HideSolutionNode = FALSE
	EndGlobalSection
	GlobalSection(ExtensibilityGlobals) = postSolution
		SolutionGuid = {BB81573E-D24B-401B-97AE-B142503F5CE9}
	EndGlobalSection
EndGlobal
